
Microsoft Visual Studio Solution File, Format Version 12.00
# Visual Studio 15
VisualStudioVersion = 15.0.28307.572
MinimumVisualStudioVersion = 10.0.40219.1
Project("{FAE04EC0-301F-11D3-BF4B-00C04F79EFBC}") = "ProgramacaoFuncional", "ProgramacaoFuncional\ProgramacaoFuncional.csproj", "{EF734BFB-B6A0-4DCA-906F-012C574943E9}"
EndProject
Global
	GlobalSection(SolutionConfigurationPlatforms) = preSolution
		Debug|Any CPU = Debug|Any CPU
		Release|Any CPU = Release|Any CPU
	EndGlobalSection
	GlobalSection(ProjectConfigurationPlatforms) = postSolution
		{EF734BFB-B6A0-4DCA-906F-012C574943E9}.Debug|Any CPU.ActiveCfg = Debug|Any CPU
		{EF734BFB-B6A0-4DCA-906F-012C574943E9}.Debug|Any CPU.Build.0 = Debug|Any CPU
		{EF734BFB-B6A0-4DCA-906F-012C574943E9}.Release|Any CPU.ActiveCfg = Release|Any CPU
		{EF734BFB-B6A0-4DCA-906F-012C574943E9}.Release|Any CPU.Build.0 = Release|Any CPU
	EndGlobalSection
	GlobalSection(SolutionProperties) = preSolution
		HideSolutionNode = FALSE
	EndGlobalSection
	GlobalSection(ExtensibilityGlobals) = postSolution
		SolutionGuid = {16B4D8F3-D80E-435B-A2D9-8058D3F53822}
	EndGlobalSection
EndGlobal
