
Microsoft Visual Studio Solution File, Format Version 12.00
# Visual Studio 15
VisualStudioVersion = 15.0.28307.572
MinimumVisualStudioVersion = 10.0.40219.1
Project("{FAE04EC0-301F-11D3-BF4B-00C04F79EFBC}") = "PolimorfismoHerança", "PolimorfismoHerança\PolimorfismoHerança.csproj", "{0343DC84-C0CA-4637-A7EE-86B5ABCBFBFF}"
EndProject
Global
	GlobalSection(SolutionConfigurationPlatforms) = preSolution
		Debug|Any CPU = Debug|Any CPU
		Release|Any CPU = Release|Any CPU
	EndGlobalSection
	GlobalSection(ProjectConfigurationPlatforms) = postSolution
		{0343DC84-C0CA-4637-A7EE-86B5ABCBFBFF}.Debug|Any CPU.ActiveCfg = Debug|Any CPU
		{0343DC84-C0CA-4637-A7EE-86B5ABCBFBFF}.Debug|Any CPU.Build.0 = Debug|Any CPU
		{0343DC84-C0CA-4637-A7EE-86B5ABCBFBFF}.Release|Any CPU.ActiveCfg = Release|Any CPU
		{0343DC84-C0CA-4637-A7EE-86B5ABCBFBFF}.Release|Any CPU.Build.0 = Release|Any CPU
	EndGlobalSection
	GlobalSection(SolutionProperties) = preSolution
		HideSolutionNode = FALSE
	EndGlobalSection
	GlobalSection(ExtensibilityGlobals) = postSolution
		SolutionGuid = {778A5390-CDB0-429E-81A8-FA1D9AB557AD}
	EndGlobalSection
EndGlobal
